Microsoft Visual Studio Solution File, Format Version 12.00
# Visual Studio 15
VisualStudioVersion = 15.0.27130.0
MinimumVisualStudioVersion = 10.0.40219.1
Project("{2150E333-8FDC-42A3-9474-1A3956D46DE8}") = "Solution Items", "Solution Items", "{CFFDB2A4-CD28-4252-8DF2-1AC78B345286}"
	ProjectSection(SolutionItems) = preProject
		..\.gitignore = ..\.gitignore
		..\docker-compose.yml = ..\docker-compose.yml
		..\LICENSE = ..\LICENSE
		..\README.md = ..\README.md
	EndProjectSection
EndProject
Project("{9A19103F-16F7-4668-BE54-9A1E7A4F7556}") = "EventSourcingPoc.EventSourcing", "EventSourcingPoc.EventSourcing\EventSourcingPoc.EventSourcing.csproj", "{F2E162CE-9A50-4455-942D-6F4884C3B793}"
EndProject
Project("{9A19103F-16F7-4668-BE54-9A1E7A4F7556}") = "EventSourcingPoc.Messages", "EventSourcingPoc.Messages\EventSourcingPoc.Messages.csproj", "{05F2D488-A260-463E-9FB6-CA7337417F94}"
EndProject
Project("{9A19103F-16F7-4668-BE54-9A1E7A4F7556}") = "EventSourcingPoc.EventProcessing", "EventSourcingPoc.EventProcessing\EventSourcingPoc.EventProcessing.csproj", "{929FD9C7-B51F-4CA2-BA33-15614CB69FCC}"
EndProject
Project("{9A19103F-16F7-4668-BE54-9A1E7A4F7556}") = "EventSourcingPoc.CommandProcessing", "EventSourcingPoc.CommandProcessing\EventSourcingPoc.CommandProcessing.csproj", "{1351630F-37D0-4A71-B6B7-6C0916CF1A83}"
EndProject
Project("{2150E333-8FDC-42A3-9474-1A3956D46DE8}") = "Shopping", "Shopping", "{706055FA-AF57-484C-8336-AE3FFD486363}"
EndProject
Project("{9A19103F-16F7-4668-BE54-9A1E7A4F7556}") = "EventSourcingPoc.Shopping.Messages", "Shopping\EventSourcingPoc.Shopping.Messages\EventSourcingPoc.Shopping.Messages.csproj", "{16313856-3065-40F4-AA6A-9EFED0E8D2AE}"
EndProject
Project("{9A19103F-16F7-4668-BE54-9A1E7A4F7556}") = "EventSourcingPoc.Shopping.EventProcessing", "Shopping\EventSourcingPoc.Shopping.EventProcessing\EventSourcingPoc.Shopping.EventProcessing.csproj", "{437A5E66-B499-4095-A7AA-BB58E1C48749}"
EndProject
Project("{9A19103F-16F7-4668-BE54-9A1E7A4F7556}") = "EventSourcingPoc.Shopping.Application", "Shopping\EventSourcingPoc.Shopping.Application\EventSourcingPoc.Shopping.Application.csproj", "{4AFB36C6-AE9A-4F9C-B2D0-D936C1E5C3FB}"
EndProject
Project("{9A19103F-16F7-4668-BE54-9A1E7A4F7556}") = "EventSourcingPoc.Shopping.CommandProcessing", "Shopping\EventSourcingPoc.Shopping.CommandProcessing\EventSourcingPoc.Shopping.CommandProcessing.csproj", "{3D1EE882-A315-4168-9ACE-AE8AF1E8779A}"
EndProject
Project("{9A19103F-16F7-4668-BE54-9A1E7A4F7556}") = "EventSourcingPoc.Shopping.ConsoleUI", "Shopping\EventSourcingPoc.Shopping.ConsoleUI\EventSourcingPoc.Shopping.ConsoleUI.csproj", "{14BDC8E9-F9EF-4079-9C79-42C2EA2ADBAE}"
EndProject
Project("{2150E333-8FDC-42A3-9474-1A3956D46DE8}") = "Customer", "Customer", "{35022EC1-BE39-48BF-AAB4-D049779B555E}"
EndProject
Project("{9A19103F-16F7-4668-BE54-9A1E7A4F7556}") = "EventSourcingPoc.Customer.Application", "Customer\EventSourcingPoc.Customer.Application\EventSourcingPoc.Customer.Application.csproj", "{95FC2007-E98B-4037-BCBB-3DC40343B7FB}"
EndProject
Project("{9A19103F-16F7-4668-BE54-9A1E7A4F7556}") = "EventSourcingPoc.Customer.CommandProcessing", "Customer\EventSourcingPoc.Customer.CommandProcessing\EventSourcingPoc.Customer.CommandProcessing.csproj", "{950A8365-1FC1-4FC8-8D1B-69C4DC93B0FD}"
EndProject
Project("{9A19103F-16F7-4668-BE54-9A1E7A4F7556}") = "EventSourcingPoc.Customer.ConsoleUI", "Customer\EventSourcingPoc.Customer.ConsoleUI\EventSourcingPoc.Customer.ConsoleUI.csproj", "{AB38B672-A750-488E-A0D0-89743FE63FBD}"
EndProject
Project("{9A19103F-16F7-4668-BE54-9A1E7A4F7556}") = "EventSourcingPoc.Customer.EventProcessing", "Customer\EventSourcingPoc.Customer.EventProcessing\EventSourcingPoc.Customer.EventProcessing.csproj", "{CE68BC44-86C9-4EB0-BD73-37C89C02C44E}"
EndProject
Project("{9A19103F-16F7-4668-BE54-9A1E7A4F7556}") = "EventSourcingPoc.Customer.Messages", "Customer\EventSourcingPoc.Customer.Messages\EventSourcingPoc.Customer.Messages.csproj", "{77CDF090-77E1-416F-9236-00C2A346C1A8}"
EndProject
Project("{9A19103F-16F7-4668-BE54-9A1E7A4F7556}") = "EventSourcingPoc.Customer.Domain", "Customer\EventSourcingPoc.Customer.Domain\EventSourcingPoc.Customer.Domain.csproj", "{C8B5E28D-56AD-4ED2-AC9E-505D4C946380}"
EndProject
Project("{9A19103F-16F7-4668-BE54-9A1E7A4F7556}") = "EventSourcingPoc.Shopping.Domain", "Shopping\EventSourcingPoc.Shopping.Domain\EventSourcingPoc.Shopping.Domain.csproj", "{79FC9FA4-F206-4FA4-9424-CBA2AD518E77}"
EndProject
Project("{2150E333-8FDC-42A3-9474-1A3956D46DE8}") = "ReadModel", "ReadModel", "{2FCECBAE-DBC6-465F-97F1-64988D698B28}"
EndProject
Project("{9A19103F-16F7-4668-BE54-9A1E7A4F7556}") = "EventSourcingPoc.ReadModel.ConsoleUI", "ReadModel\EventSourcingPoc.ReadModel.ConsoleUI\EventSourcingPoc.ReadModel.ConsoleUI.csproj", "{6DDC1DDC-8B34-4E26-BD47-C9EC4A47294E}"
EndProject
Project("{9A19103F-16F7-4668-BE54-9A1E7A4F7556}") = "EventSourcingPoc.ReadModel.WebApi", "ReadModel\EventSourcingPoc.ReadModel.WebApi\EventSourcingPoc.ReadModel.WebApi.csproj", "{B98EF47F-D275-49B0-A95D-836B6582833E}"
EndProject
Project("{9A19103F-16F7-4668-BE54-9A1E7A4F7556}") = "EventSourcingPoc.Customer.WebApi", "Customer\EventSourcingPoc.Customer.WebApi\EventSourcingPoc.Customer.WebApi.csproj", "{DFE4B51A-3276-4BED-B011-BFF04EF961F7}"
EndProject
Project("{9A19103F-16F7-4668-BE54-9A1E7A4F7556}") = "EventSourcingPoc.Shopping.WebApi", "Shopping\EventSourcingPoc.Shopping.WebApi\EventSourcingPoc.Shopping.WebApi.csproj", "{CDF0B7E4-A208-4E3B-BEB5-D47A86829D8E}"
EndProject
Project("{9A19103F-16F7-4668-BE54-9A1E7A4F7556}") = "EventSourcingPoc.Kafka", "EventSourcingPoc.Kafka\EventSourcingPoc.Kafka.csproj", "{4656A226-EEE8-43EC-BA13-52C2029050BA}"
EndProject
Project("{FAE04EC0-301F-11D3-BF4B-00C04F79EFBC}") = "EventSourcingPoc.Shopping.Readmodels", "Shopping\EventSourcingPoc.Shopping.Readmodels\EventSourcingPoc.Shopping.Readmodels.csproj", "{1A626F8E-D8B0-4807-ADB3-DAB3D1C95B2F}"
EndProject
Project("{FAE04EC0-301F-11D3-BF4B-00C04F79EFBC}") = "EventSourcingPoc.Shopping.Data", "Shopping\EventSourcingPoc.Shopping.Data\EventSourcingPoc.Shopping.Data.csproj", "{9BE78916-6D63-4A3B-80BC-3521008F2CA1}"
EndProject
Project("{2150E333-8FDC-42A3-9474-1A3956D46DE8}") = "Logistics", "Logistics", "{27138022-B29A-476B-85AD-B7ACC5571074}"
EndProject
Project("{9A19103F-16F7-4668-BE54-9A1E7A4F7556}") = "EventSourcingPoc.Logistics.Application", "Logistics\EventSourcingPoc.Logistics.Application\EventSourcingPoc.Logistics.Application.csproj", "{CDF44716-51E9-432C-A7B9-4B1617E17536}"
EndProject
Project("{9A19103F-16F7-4668-BE54-9A1E7A4F7556}") = "EventSourcingPoc.Logistics.CommandProcessing", "Logistics\EventSourcingPoc.Logistics.CommandProcessing\EventSourcingPoc.Logistics.CommandProcessing.csproj", "{A2846DF6-E8F9-49F1-948C-07601B5B7809}"
EndProject
Project("{9A19103F-16F7-4668-BE54-9A1E7A4F7556}") = "EventSourcingPoc.Logistics.Data", "Logistics\EventSourcingPoc.Logistics.Data\EventSourcingPoc.Logistics.Data.csproj", "{132740C8-42EA-40DF-B152-E395D63366C6}"
EndProject
Project("{9A19103F-16F7-4668-BE54-9A1E7A4F7556}") = "EventSourcingPoc.Logistics.Domain", "Logistics\EventSourcingPoc.Logistics.Domain\EventSourcingPoc.Logistics.Domain.csproj", "{30B85746-DA60-4014-A966-2D8FC5626204}"
EndProject
Project("{9A19103F-16F7-4668-BE54-9A1E7A4F7556}") = "EventSourcingPoc.Logistics.EventProcessing", "Logistics\EventSourcingPoc.Logistics.EventProcessing\EventSourcingPoc.Logistics.EventProcessing.csproj", "{89A6520C-C5DC-4485-B6AA-42D3D49B113C}"
EndProject
Project("{9A19103F-16F7-4668-BE54-9A1E7A4F7556}") = "EventSourcingPoc.Logistics.Messages", "Logistics\EventSourcingPoc.Logistics.Messages\EventSourcingPoc.Logistics.Messages.csproj", "{7317ACE1-02AE-4361-AA8B-2067ED928AFB}"
EndProject
Project("{9A19103F-16F7-4668-BE54-9A1E7A4F7556}") = "EventSourcingPoc.Logistics.Readmodels", "Logistics\EventSourcingPoc.Logistics.Readmodels\EventSourcingPoc.Logistics.Readmodels.csproj", "{C21A2148-A7C6-4B05-8349-EDBC50F6C3BD}"
EndProject
Project("{9A19103F-16F7-4668-BE54-9A1E7A4F7556}") = "EventSourcingPoc.Logistics.WebApi", "Logistics\EventSourcingPoc.Logistics.WebApi\EventSourcingPoc.Logistics.WebApi.csproj", "{2E6BCA94-346E-4B30-8022-B9E9457E16AE}"
EndProject
Global
	GlobalSection(SolutionConfigurationPlatforms) = preSolution
		Debug|Any CPU = Debug|Any CPU
		Debug|x64 = Debug|x64
		Debug|x86 = Debug|x86
		Release|Any CPU = Release|Any CPU
		Release|x64 = Release|x64
		Release|x86 = Release|x86
	EndGlobalSection
	GlobalSection(ProjectConfigurationPlatforms) = postSolution
		{F2E162CE-9A50-4455-942D-6F4884C3B793}.Debug|Any CPU.ActiveCfg = Debug|Any CPU
		{F2E162CE-9A50-4455-942D-6F4884C3B793}.Debug|Any CPU.Build.0 = Debug|Any CPU
		{F2E162CE-9A50-4455-942D-6F4884C3B793}.Debug|x64.ActiveCfg = Debug|Any CPU
		{F2E162CE-9A50-4455-942D-6F4884C3B793}.Debug|x64.Build.0 = Debug|Any CPU
		{F2E162CE-9A50-4455-942D-6F4884C3B793}.Debug|x86.ActiveCfg = Debug|Any CPU
		{F2E162CE-9A50-4455-942D-6F4884C3B793}.Debug|x86.Build.0 = Debug|Any CPU
		{F2E162CE-9A50-4455-942D-6F4884C3B793}.Release|Any CPU.ActiveCfg = Release|Any CPU
		{F2E162CE-9A50-4455-942D-6F4884C3B793}.Release|Any CPU.Build.0 = Release|Any CPU
		{F2E162CE-9A50-4455-942D-6F4884C3B793}.Release|x64.ActiveCfg = Release|Any CPU
		{F2E162CE-9A50-4455-942D-6F4884C3B793}.Release|x64.Build.0 = Release|Any CPU
		{F2E162CE-9A50-4455-942D-6F4884C3B793}.Release|x86.ActiveCfg = Release|Any CPU
		{F2E162CE-9A50-4455-942D-6F4884C3B793}.Release|x86.Build.0 = Release|Any CPU
		{05F2D488-A260-463E-9FB6-CA7337417F94}.Debug|Any CPU.ActiveCfg = Debug|Any CPU
		{05F2D488-A260-463E-9FB6-CA7337417F94}.Debug|Any CPU.Build.0 = Debug|Any CPU
		{05F2D488-A260-463E-9FB6-CA7337417F94}.Debug|x64.ActiveCfg = Debug|Any CPU
		{05F2D488-A260-463E-9FB6-CA7337417F94}.Debug|x64.Build.0 = Debug|Any CPU
		{05F2D488-A260-463E-9FB6-CA7337417F94}.Debug|x86.ActiveCfg = Debug|Any CPU
		{05F2D488-A260-463E-9FB6-CA7337417F94}.Debug|x86.Build.0 = Debug|Any CPU
		{05F2D488-A260-463E-9FB6-CA7337417F94}.Release|Any CPU.ActiveCfg = Release|Any CPU
		{05F2D488-A260-463E-9FB6-CA7337417F94}.Release|Any CPU.Build.0 = Release|Any CPU
		{05F2D488-A260-463E-9FB6-CA7337417F94}.Release|x64.ActiveCfg = Release|Any CPU
		{05F2D488-A260-463E-9FB6-CA7337417F94}.Release|x64.Build.0 = Release|Any CPU
		{05F2D488-A260-463E-9FB6-CA7337417F94}.Release|x86.ActiveCfg = Release|Any CPU
		{05F2D488-A260-463E-9FB6-CA7337417F94}.Release|x86.Build.0 = Release|Any CPU
		{929FD9C7-B51F-4CA2-BA33-15614CB69FCC}.Debug|Any CPU.ActiveCfg = Debug|Any CPU
		{929FD9C7-B51F-4CA2-BA33-15614CB69FCC}.Debug|Any CPU.Build.0 = Debug|Any CPU
		{929FD9C7-B51F-4CA2-BA33-15614CB69FCC}.Debug|x64.ActiveCfg = Debug|Any CPU
		{929FD9C7-B51F-4CA2-BA33-15614CB69FCC}.Debug|x64.Build.0 = Debug|Any CPU
		{929FD9C7-B51F-4CA2-BA33-15614CB69FCC}.Debug|x86.ActiveCfg = Debug|Any CPU
		{929FD9C7-B51F-4CA2-BA33-15614CB69FCC}.Debug|x86.Build.0 = Debug|Any CPU
		{929FD9C7-B51F-4CA2-BA33-15614CB69FCC}.Release|Any CPU.ActiveCfg = Release|Any CPU
		{929FD9C7-B51F-4CA2-BA33-15614CB69FCC}.Release|Any CPU.Build.0 = Release|Any CPU
		{929FD9C7-B51F-4CA2-BA33-15614CB69FCC}.Release|x64.ActiveCfg = Release|Any CPU
		{929FD9C7-B51F-4CA2-BA33-15614CB69FCC}.Release|x64.Build.0 = Release|Any CPU
		{929FD9C7-B51F-4CA2-BA33-15614CB69FCC}.Release|x86.ActiveCfg = Release|Any CPU
		{929FD9C7-B51F-4CA2-BA33-15614CB69FCC}.Release|x86.Build.0 = Release|Any CPU
		{1351630F-37D0-4A71-B6B7-6C0916CF1A83}.Debug|Any CPU.ActiveCfg = Debug|Any CPU
		{1351630F-37D0-4A71-B6B7-6C0916CF1A83}.Debug|Any CPU.Build.0 = Debug|Any CPU
		{1351630F-37D0-4A71-B6B7-6C0916CF1A83}.Debug|x64.ActiveCfg = Debug|Any CPU
		{1351630F-37D0-4A71-B6B7-6C0916CF1A83}.Debug|x64.Build.0 = Debug|Any CPU
		{1351630F-37D0-4A71-B6B7-6C0916CF1A83}.Debug|x86.ActiveCfg = Debug|Any CPU
		{1351630F-37D0-4A71-B6B7-6C0916CF1A83}.Debug|x86.Build.0 = Debug|Any CPU
		{1351630F-37D0-4A71-B6B7-6C0916CF1A83}.Release|Any CPU.ActiveCfg = Release|Any CPU
		{1351630F-37D0-4A71-B6B7-6C0916CF1A83}.Release|Any CPU.Build.0 = Release|Any CPU
		{1351630F-37D0-4A71-B6B7-6C0916CF1A83}.Release|x64.ActiveCfg = Release|Any CPU
		{1351630F-37D0-4A71-B6B7-6C0916CF1A83}.Release|x64.Build.0 = Release|Any CPU
		{1351630F-37D0-4A71-B6B7-6C0916CF1A83}.Release|x86.ActiveCfg = Release|Any CPU
		{1351630F-37D0-4A71-B6B7-6C0916CF1A83}.Release|x86.Build.0 = Release|Any CPU
		{16313856-3065-40F4-AA6A-9EFED0E8D2AE}.Debug|Any CPU.ActiveCfg = Debug|Any CPU
		{16313856-3065-40F4-AA6A-9EFED0E8D2AE}.Debug|Any CPU.Build.0 = Debug|Any CPU
		{16313856-3065-40F4-AA6A-9EFED0E8D2AE}.Debug|x64.ActiveCfg = Debug|Any CPU
		{16313856-3065-40F4-AA6A-9EFED0E8D2AE}.Debug|x64.Build.0 = Debug|Any CPU
		{16313856-3065-40F4-AA6A-9EFED0E8D2AE}.Debug|x86.ActiveCfg = Debug|Any CPU
		{16313856-3065-40F4-AA6A-9EFED0E8D2AE}.Debug|x86.Build.0 = Debug|Any CPU
		{16313856-3065-40F4-AA6A-9EFED0E8D2AE}.Release|Any CPU.ActiveCfg = Release|Any CPU
		{16313856-3065-40F4-AA6A-9EFED0E8D2AE}.Release|Any CPU.Build.0 = Release|Any CPU
		{16313856-3065-40F4-AA6A-9EFED0E8D2AE}.Release|x64.ActiveCfg = Release|Any CPU
		{16313856-3065-40F4-AA6A-9EFED0E8D2AE}.Release|x64.Build.0 = Release|Any CPU
		{16313856-3065-40F4-AA6A-9EFED0E8D2AE}.Release|x86.ActiveCfg = Release|Any CPU
		{16313856-3065-40F4-AA6A-9EFED0E8D2AE}.Release|x86.Build.0 = Release|Any CPU
		{437A5E66-B499-4095-A7AA-BB58E1C48749}.Debug|Any CPU.ActiveCfg = Debug|Any CPU
		{437A5E66-B499-4095-A7AA-BB58E1C48749}.Debug|Any CPU.Build.0 = Debug|Any CPU
		{437A5E66-B499-4095-A7AA-BB58E1C48749}.Debug|x64.ActiveCfg = Debug|Any CPU
		{437A5E66-B499-4095-A7AA-BB58E1C48749}.Debug|x64.Build.0 = Debug|Any CPU
		{437A5E66-B499-4095-A7AA-BB58E1C48749}.Debug|x86.ActiveCfg = Debug|Any CPU
		{437A5E66-B499-4095-A7AA-BB58E1C48749}.Debug|x86.Build.0 = Debug|Any CPU
		{437A5E66-B499-4095-A7AA-BB58E1C48749}.Release|Any CPU.ActiveCfg = Release|Any CPU
		{437A5E66-B499-4095-A7AA-BB58E1C48749}.Release|Any CPU.Build.0 = Release|Any CPU
		{437A5E66-B499-4095-A7AA-BB58E1C48749}.Release|x64.ActiveCfg = Release|Any CPU
		{437A5E66-B499-4095-A7AA-BB58E1C48749}.Release|x64.Build.0 = Release|Any CPU
		{437A5E66-B499-4095-A7AA-BB58E1C48749}.Release|x86.ActiveCfg = Release|Any CPU
		{437A5E66-B499-4095-A7AA-BB58E1C48749}.Release|x86.Build.0 = Release|Any CPU
		{4AFB36C6-AE9A-4F9C-B2D0-D936C1E5C3FB}.Debug|Any CPU.ActiveCfg = Debug|Any CPU
		{4AFB36C6-AE9A-4F9C-B2D0-D936C1E5C3FB}.Debug|Any CPU.Build.0 = Debug|Any CPU
		{4AFB36C6-AE9A-4F9C-B2D0-D936C1E5C3FB}.Debug|x64.ActiveCfg = Debug|Any CPU
		{4AFB36C6-AE9A-4F9C-B2D0-D936C1E5C3FB}.Debug|x64.Build.0 = Debug|Any CPU
		{4AFB36C6-AE9A-4F9C-B2D0-D936C1E5C3FB}.Debug|x86.ActiveCfg = Debug|Any CPU
		{4AFB36C6-AE9A-4F9C-B2D0-D936C1E5C3FB}.Debug|x86.Build.0 = Debug|Any CPU
		{4AFB36C6-AE9A-4F9C-B2D0-D936C1E5C3FB}.Release|Any CPU.ActiveCfg = Release|Any CPU
		{4AFB36C6-AE9A-4F9C-B2D0-D936C1E5C3FB}.Release|Any CPU.Build.0 = Release|Any CPU
		{4AFB36C6-AE9A-4F9C-B2D0-D936C1E5C3FB}.Release|x64.ActiveCfg = Release|Any CPU
		{4AFB36C6-AE9A-4F9C-B2D0-D936C1E5C3FB}.Release|x64.Build.0 = Release|Any CPU
		{4AFB36C6-AE9A-4F9C-B2D0-D936C1E5C3FB}.Release|x86.ActiveCfg = Release|Any CPU
		{4AFB36C6-AE9A-4F9C-B2D0-D936C1E5C3FB}.Release|x86.Build.0 = Release|Any CPU
		{3D1EE882-A315-4168-9ACE-AE8AF1E8779A}.Debug|Any CPU.ActiveCfg = Debug|Any CPU
		{3D1EE882-A315-4168-9ACE-AE8AF1E8779A}.Debug|Any CPU.Build.0 = Debug|Any CPU
		{3D1EE882-A315-4168-9ACE-AE8AF1E8779A}.Debug|x64.ActiveCfg = Debug|Any CPU
		{3D1EE882-A315-4168-9ACE-AE8AF1E8779A}.Debug|x64.Build.0 = Debug|Any CPU
		{3D1EE882-A315-4168-9ACE-AE8AF1E8779A}.Debug|x86.ActiveCfg = Debug|Any CPU
		{3D1EE882-A315-4168-9ACE-AE8AF1E8779A}.Debug|x86.Build.0 = Debug|Any CPU
		{3D1EE882-A315-4168-9ACE-AE8AF1E8779A}.Release|Any CPU.ActiveCfg = Release|Any CPU
		{3D1EE882-A315-4168-9ACE-AE8AF1E8779A}.Release|Any CPU.Build.0 = Release|Any CPU
		{3D1EE882-A315-4168-9ACE-AE8AF1E8779A}.Release|x64.ActiveCfg = Release|Any CPU
		{3D1EE882-A315-4168-9ACE-AE8AF1E8779A}.Release|x64.Build.0 = Release|Any CPU
		{3D1EE882-A315-4168-9ACE-AE8AF1E8779A}.Release|x86.ActiveCfg = Release|Any CPU
		{3D1EE882-A315-4168-9ACE-AE8AF1E8779A}.Release|x86.Build.0 = Release|Any CPU
		{14BDC8E9-F9EF-4079-9C79-42C2EA2ADBAE}.Debug|Any CPU.ActiveCfg = Debug|Any CPU
		{14BDC8E9-F9EF-4079-9C79-42C2EA2ADBAE}.Debug|Any CPU.Build.0 = Debug|Any CPU
		{14BDC8E9-F9EF-4079-9C79-42C2EA2ADBAE}.Debug|x64.ActiveCfg = Debug|Any CPU
		{14BDC8E9-F9EF-4079-9C79-42C2EA2ADBAE}.Debug|x64.Build.0 = Debug|Any CPU
		{14BDC8E9-F9EF-4079-9C79-42C2EA2ADBAE}.Debug|x86.ActiveCfg = Debug|Any CPU
		{14BDC8E9-F9EF-4079-9C79-42C2EA2ADBAE}.Debug|x86.Build.0 = Debug|Any CPU
		{14BDC8E9-F9EF-4079-9C79-42C2EA2ADBAE}.Release|Any CPU.ActiveCfg = Release|Any CPU
		{14BDC8E9-F9EF-4079-9C79-42C2EA2ADBAE}.Release|Any CPU.Build.0 = Release|Any CPU
		{14BDC8E9-F9EF-4079-9C79-42C2EA2ADBAE}.Release|x64.ActiveCfg = Release|Any CPU
		{14BDC8E9-F9EF-4079-9C79-42C2EA2ADBAE}.Release|x64.Build.0 = Release|Any CPU
		{14BDC8E9-F9EF-4079-9C79-42C2EA2ADBAE}.Release|x86.ActiveCfg = Release|Any CPU
		{14BDC8E9-F9EF-4079-9C79-42C2EA2ADBAE}.Release|x86.Build.0 = Release|Any CPU
		{95FC2007-E98B-4037-BCBB-3DC40343B7FB}.Debug|Any CPU.ActiveCfg = Debug|Any CPU
		{95FC2007-E98B-4037-BCBB-3DC40343B7FB}.Debug|Any CPU.Build.0 = Debug|Any CPU
		{95FC2007-E98B-4037-BCBB-3DC40343B7FB}.Debug|x64.ActiveCfg = Debug|Any CPU
		{95FC2007-E98B-4037-BCBB-3DC40343B7FB}.Debug|x64.Build.0 = Debug|Any CPU
		{95FC2007-E98B-4037-BCBB-3DC40343B7FB}.Debug|x86.ActiveCfg = Debug|Any CPU
		{95FC2007-E98B-4037-BCBB-3DC40343B7FB}.Debug|x86.Build.0 = Debug|Any CPU
		{95FC2007-E98B-4037-BCBB-3DC40343B7FB}.Release|Any CPU.ActiveCfg = Release|Any CPU
		{95FC2007-E98B-4037-BCBB-3DC40343B7FB}.Release|Any CPU.Build.0 = Release|Any CPU
		{95FC2007-E98B-4037-BCBB-3DC40343B7FB}.Release|x64.ActiveCfg = Release|Any CPU
		{95FC2007-E98B-4037-BCBB-3DC40343B7FB}.Release|x64.Build.0 = Release|Any CPU
		{95FC2007-E98B-4037-BCBB-3DC40343B7FB}.Release|x86.ActiveCfg = Release|Any CPU
		{95FC2007-E98B-4037-BCBB-3DC40343B7FB}.Release|x86.Build.0 = Release|Any CPU
		{950A8365-1FC1-4FC8-8D1B-69C4DC93B0FD}.Debug|Any CPU.ActiveCfg = Debug|Any CPU
		{950A8365-1FC1-4FC8-8D1B-69C4DC93B0FD}.Debug|Any CPU.Build.0 = Debug|Any CPU
		{950A8365-1FC1-4FC8-8D1B-69C4DC93B0FD}.Debug|x64.ActiveCfg = Debug|Any CPU
		{950A8365-1FC1-4FC8-8D1B-69C4DC93B0FD}.Debug|x64.Build.0 = Debug|Any CPU
		{950A8365-1FC1-4FC8-8D1B-69C4DC93B0FD}.Debug|x86.ActiveCfg = Debug|Any CPU
		{950A8365-1FC1-4FC8-8D1B-69C4DC93B0FD}.Debug|x86.Build.0 = Debug|Any CPU
		{950A8365-1FC1-4FC8-8D1B-69C4DC93B0FD}.Release|Any CPU.ActiveCfg = Release|Any CPU
		{950A8365-1FC1-4FC8-8D1B-69C4DC93B0FD}.Release|Any CPU.Build.0 = Release|Any CPU
		{950A8365-1FC1-4FC8-8D1B-69C4DC93B0FD}.Release|x64.ActiveCfg = Release|Any CPU
		{950A8365-1FC1-4FC8-8D1B-69C4DC93B0FD}.Release|x64.Build.0 = Release|Any CPU
		{950A8365-1FC1-4FC8-8D1B-69C4DC93B0FD}.Release|x86.ActiveCfg = Release|Any CPU
		{950A8365-1FC1-4FC8-8D1B-69C4DC93B0FD}.Release|x86.Build.0 = Release|Any CPU
		{AB38B672-A750-488E-A0D0-89743FE63FBD}.Debug|Any CPU.ActiveCfg = Debug|Any CPU
		{AB38B672-A750-488E-A0D0-89743FE63FBD}.Debug|Any CPU.Build.0 = Debug|Any CPU
		{AB38B672-A750-488E-A0D0-89743FE63FBD}.Debug|x64.ActiveCfg = Debug|Any CPU
		{AB38B672-A750-488E-A0D0-89743FE63FBD}.Debug|x64.Build.0 = Debug|Any CPU
		{AB38B672-A750-488E-A0D0-89743FE63FBD}.Debug|x86.ActiveCfg = Debug|Any CPU
		{AB38B672-A750-488E-A0D0-89743FE63FBD}.Debug|x86.Build.0 = Debug|Any CPU
		{AB38B672-A750-488E-A0D0-89743FE63FBD}.Release|Any CPU.ActiveCfg = Release|Any CPU
		{AB38B672-A750-488E-A0D0-89743FE63FBD}.Release|Any CPU.Build.0 = Release|Any CPU
		{AB38B672-A750-488E-A0D0-89743FE63FBD}.Release|x64.ActiveCfg = Release|Any CPU
		{AB38B672-A750-488E-A0D0-89743FE63FBD}.Release|x64.Build.0 = Release|Any CPU
		{AB38B672-A750-488E-A0D0-89743FE63FBD}.Release|x86.ActiveCfg = Release|Any CPU
		{AB38B672-A750-488E-A0D0-89743FE63FBD}.Release|x86.Build.0 = Release|Any CPU
		{CE68BC44-86C9-4EB0-BD73-37C89C02C44E}.Debug|Any CPU.ActiveCfg = Debug|Any CPU
		{CE68BC44-86C9-4EB0-BD73-37C89C02C44E}.Debug|Any CPU.Build.0 = Debug|Any CPU
		{CE68BC44-86C9-4EB0-BD73-37C89C02C44E}.Debug|x64.ActiveCfg = Debug|Any CPU
		{CE68BC44-86C9-4EB0-BD73-37C89C02C44E}.Debug|x64.Build.0 = Debug|Any CPU
		{CE68BC44-86C9-4EB0-BD73-37C89C02C44E}.Debug|x86.ActiveCfg = Debug|Any CPU
		{CE68BC44-86C9-4EB0-BD73-37C89C02C44E}.Debug|x86.Build.0 = Debug|Any CPU
		{CE68BC44-86C9-4EB0-BD73-37C89C02C44E}.Release|Any CPU.ActiveCfg = Release|Any CPU
		{CE68BC44-86C9-4EB0-BD73-37C89C02C44E}.Release|Any CPU.Build.0 = Release|Any CPU
		{CE68BC44-86C9-4EB0-BD73-37C89C02C44E}.Release|x64.ActiveCfg = Release|Any CPU
		{CE68BC44-86C9-4EB0-BD73-37C89C02C44E}.Release|x64.Build.0 = Release|Any CPU
		{CE68BC44-86C9-4EB0-BD73-37C89C02C44E}.Release|x86.ActiveCfg = Release|Any CPU
		{CE68BC44-86C9-4EB0-BD73-37C89C02C44E}.Release|x86.Build.0 = Release|Any CPU
		{77CDF090-77E1-416F-9236-00C2A346C1A8}.Debug|Any CPU.ActiveCfg = Debug|Any CPU
		{77CDF090-77E1-416F-9236-00C2A346C1A8}.Debug|Any CPU.Build.0 = Debug|Any CPU
		{77CDF090-77E1-416F-9236-00C2A346C1A8}.Debug|x64.ActiveCfg = Debug|Any CPU
		{77CDF090-77E1-416F-9236-00C2A346C1A8}.Debug|x64.Build.0 = Debug|Any CPU
		{77CDF090-77E1-416F-9236-00C2A346C1A8}.Debug|x86.ActiveCfg = Debug|Any CPU
		{77CDF090-77E1-416F-9236-00C2A346C1A8}.Debug|x86.Build.0 = Debug|Any CPU
		{77CDF090-77E1-416F-9236-00C2A346C1A8}.Release|Any CPU.ActiveCfg = Release|Any CPU
		{77CDF090-77E1-416F-9236-00C2A346C1A8}.Release|Any CPU.Build.0 = Release|Any CPU
		{77CDF090-77E1-416F-9236-00C2A346C1A8}.Release|x64.ActiveCfg = Release|Any CPU
		{77CDF090-77E1-416F-9236-00C2A346C1A8}.Release|x64.Build.0 = Release|Any CPU
		{77CDF090-77E1-416F-9236-00C2A346C1A8}.Release|x86.ActiveCfg = Release|Any CPU
		{77CDF090-77E1-416F-9236-00C2A346C1A8}.Release|x86.Build.0 = Release|Any CPU
		{C8B5E28D-56AD-4ED2-AC9E-505D4C946380}.Debug|Any CPU.ActiveCfg = Debug|Any CPU
		{C8B5E28D-56AD-4ED2-AC9E-505D4C946380}.Debug|Any CPU.Build.0 = Debug|Any CPU
		{C8B5E28D-56AD-4ED2-AC9E-505D4C946380}.Debug|x64.ActiveCfg = Debug|Any CPU
		{C8B5E28D-56AD-4ED2-AC9E-505D4C946380}.Debug|x64.Build.0 = Debug|Any CPU
		{C8B5E28D-56AD-4ED2-AC9E-505D4C946380}.Debug|x86.ActiveCfg = Debug|Any CPU
		{C8B5E28D-56AD-4ED2-AC9E-505D4C946380}.Debug|x86.Build.0 = Debug|Any CPU
		{C8B5E28D-56AD-4ED2-AC9E-505D4C946380}.Release|Any CPU.ActiveCfg = Release|Any CPU
		{C8B5E28D-56AD-4ED2-AC9E-505D4C946380}.Release|Any CPU.Build.0 = Release|Any CPU
		{C8B5E28D-56AD-4ED2-AC9E-505D4C946380}.Release|x64.ActiveCfg = Release|Any CPU
		{C8B5E28D-56AD-4ED2-AC9E-505D4C946380}.Release|x64.Build.0 = Release|Any CPU
		{C8B5E28D-56AD-4ED2-AC9E-505D4C946380}.Release|x86.ActiveCfg = Release|Any CPU
		{C8B5E28D-56AD-4ED2-AC9E-505D4C946380}.Release|x86.Build.0 = Release|Any CPU
		{79FC9FA4-F206-4FA4-9424-CBA2AD518E77}.Debug|Any CPU.ActiveCfg = Debug|Any CPU
		{79FC9FA4-F206-4FA4-9424-CBA2AD518E77}.Debug|Any CPU.Build.0 = Debug|Any CPU
		{79FC9FA4-F206-4FA4-9424-CBA2AD518E77}.Debug|x64.ActiveCfg = Debug|Any CPU
		{79FC9FA4-F206-4FA4-9424-CBA2AD518E77}.Debug|x64.Build.0 = Debug|Any CPU
		{79FC9FA4-F206-4FA4-9424-CBA2AD518E77}.Debug|x86.ActiveCfg = Debug|Any CPU
		{79FC9FA4-F206-4FA4-9424-CBA2AD518E77}.Debug|x86.Build.0 = Debug|Any CPU
		{79FC9FA4-F206-4FA4-9424-CBA2AD518E77}.Release|Any CPU.ActiveCfg = Release|Any CPU
		{79FC9FA4-F206-4FA4-9424-CBA2AD518E77}.Release|Any CPU.Build.0 = Release|Any CPU
		{79FC9FA4-F206-4FA4-9424-CBA2AD518E77}.Release|x64.ActiveCfg = Release|Any CPU
		{79FC9FA4-F206-4FA4-9424-CBA2AD518E77}.Release|x64.Build.0 = Release|Any CPU
		{79FC9FA4-F206-4FA4-9424-CBA2AD518E77}.Release|x86.ActiveCfg = Release|Any CPU
		{79FC9FA4-F206-4FA4-9424-CBA2AD518E77}.Release|x86.Build.0 = Release|Any CPU
		{6DDC1DDC-8B34-4E26-BD47-C9EC4A47294E}.Debug|Any CPU.ActiveCfg = Debug|Any CPU
		{6DDC1DDC-8B34-4E26-BD47-C9EC4A47294E}.Debug|Any CPU.Build.0 = Debug|Any CPU
		{6DDC1DDC-8B34-4E26-BD47-C9EC4A47294E}.Debug|x64.ActiveCfg = Debug|Any CPU
		{6DDC1DDC-8B34-4E26-BD47-C9EC4A47294E}.Debug|x64.Build.0 = Debug|Any CPU
		{6DDC1DDC-8B34-4E26-BD47-C9EC4A47294E}.Debug|x86.ActiveCfg = Debug|Any CPU
		{6DDC1DDC-8B34-4E26-BD47-C9EC4A47294E}.Debug|x86.Build.0 = Debug|Any CPU
		{6DDC1DDC-8B34-4E26-BD47-C9EC4A47294E}.Release|Any CPU.ActiveCfg = Release|Any CPU
		{6DDC1DDC-8B34-4E26-BD47-C9EC4A47294E}.Release|Any CPU.Build.0 = Release|Any CPU
		{6DDC1DDC-8B34-4E26-BD47-C9EC4A47294E}.Release|x64.ActiveCfg = Release|Any CPU
		{6DDC1DDC-8B34-4E26-BD47-C9EC4A47294E}.Release|x64.Build.0 = Release|Any CPU
		{6DDC1DDC-8B34-4E26-BD47-C9EC4A47294E}.Release|x86.ActiveCfg = Release|Any CPU
		{6DDC1DDC-8B34-4E26-BD47-C9EC4A47294E}.Release|x86.Build.0 = Release|Any CPU
		{B98EF47F-D275-49B0-A95D-836B6582833E}.Debug|Any CPU.ActiveCfg = Debug|Any CPU
		{B98EF47F-D275-49B0-A95D-836B6582833E}.Debug|Any CPU.Build.0 = Debug|Any CPU
		{B98EF47F-D275-49B0-A95D-836B6582833E}.Debug|x64.ActiveCfg = Debug|Any CPU
		{B98EF47F-D275-49B0-A95D-836B6582833E}.Debug|x64.Build.0 = Debug|Any CPU
		{B98EF47F-D275-49B0-A95D-836B6582833E}.Debug|x86.ActiveCfg = Debug|Any CPU
		{B98EF47F-D275-49B0-A95D-836B6582833E}.Debug|x86.Build.0 = Debug|Any CPU
		{B98EF47F-D275-49B0-A95D-836B6582833E}.Release|Any CPU.ActiveCfg = Release|Any CPU
		{B98EF47F-D275-49B0-A95D-836B6582833E}.Release|Any CPU.Build.0 = Release|Any CPU
		{B98EF47F-D275-49B0-A95D-836B6582833E}.Release|x64.ActiveCfg = Release|Any CPU
		{B98EF47F-D275-49B0-A95D-836B6582833E}.Release|x64.Build.0 = Release|Any CPU
		{B98EF47F-D275-49B0-A95D-836B6582833E}.Release|x86.ActiveCfg = Release|Any CPU
		{B98EF47F-D275-49B0-A95D-836B6582833E}.Release|x86.Build.0 = Release|Any CPU
		{DFE4B51A-3276-4BED-B011-BFF04EF961F7}.Debug|Any CPU.ActiveCfg = Debug|Any CPU
		{DFE4B51A-3276-4BED-B011-BFF04EF961F7}.Debug|Any CPU.Build.0 = Debug|Any CPU
		{DFE4B51A-3276-4BED-B011-BFF04EF961F7}.Debug|x64.ActiveCfg = Debug|Any CPU
		{DFE4B51A-3276-4BED-B011-BFF04EF961F7}.Debug|x64.Build.0 = Debug|Any CPU
		{DFE4B51A-3276-4BED-B011-BFF04EF961F7}.Debug|x86.ActiveCfg = Debug|Any CPU
		{DFE4B51A-3276-4BED-B011-BFF04EF961F7}.Debug|x86.Build.0 = Debug|Any CPU
		{DFE4B51A-3276-4BED-B011-BFF04EF961F7}.Release|Any CPU.ActiveCfg = Release|Any CPU
		{DFE4B51A-3276-4BED-B011-BFF04EF961F7}.Release|Any CPU.Build.0 = Release|Any CPU
		{DFE4B51A-3276-4BED-B011-BFF04EF961F7}.Release|x64.ActiveCfg = Release|Any CPU
		{DFE4B51A-3276-4BED-B011-BFF04EF961F7}.Release|x64.Build.0 = Release|Any CPU
		{DFE4B51A-3276-4BED-B011-BFF04EF961F7}.Release|x86.ActiveCfg = Release|Any CPU
		{DFE4B51A-3276-4BED-B011-BFF04EF961F7}.Release|x86.Build.0 = Release|Any CPU
		{CDF0B7E4-A208-4E3B-BEB5-D47A86829D8E}.Debug|Any CPU.ActiveCfg = Debug|Any CPU
		{CDF0B7E4-A208-4E3B-BEB5-D47A86829D8E}.Debug|Any CPU.Build.0 = Debug|Any CPU
		{CDF0B7E4-A208-4E3B-BEB5-D47A86829D8E}.Debug|x64.ActiveCfg = Debug|Any CPU
		{CDF0B7E4-A208-4E3B-BEB5-D47A86829D8E}.Debug|x64.Build.0 = Debug|Any CPU
		{CDF0B7E4-A208-4E3B-BEB5-D47A86829D8E}.Debug|x86.ActiveCfg = Debug|Any CPU
		{CDF0B7E4-A208-4E3B-BEB5-D47A86829D8E}.Debug|x86.Build.0 = Debug|Any CPU
		{CDF0B7E4-A208-4E3B-BEB5-D47A86829D8E}.Release|Any CPU.ActiveCfg = Release|Any CPU
		{CDF0B7E4-A208-4E3B-BEB5-D47A86829D8E}.Release|Any CPU.Build.0 = Release|Any CPU
		{CDF0B7E4-A208-4E3B-BEB5-D47A86829D8E}.Release|x64.ActiveCfg = Release|Any CPU
		{CDF0B7E4-A208-4E3B-BEB5-D47A86829D8E}.Release|x64.Build.0 = Release|Any CPU
		{CDF0B7E4-A208-4E3B-BEB5-D47A86829D8E}.Release|x86.ActiveCfg = Release|Any CPU
		{CDF0B7E4-A208-4E3B-BEB5-D47A86829D8E}.Release|x86.Build.0 = Release|Any CPU
		{4656A226-EEE8-43EC-BA13-52C2029050BA}.Debug|Any CPU.ActiveCfg = Debug|Any CPU
		{4656A226-EEE8-43EC-BA13-52C2029050BA}.Debug|Any CPU.Build.0 = Debug|Any CPU
		{4656A226-EEE8-43EC-BA13-52C2029050BA}.Debug|x64.ActiveCfg = Debug|Any CPU
		{4656A226-EEE8-43EC-BA13-52C2029050BA}.Debug|x64.Build.0 = Debug|Any CPU
		{4656A226-EEE8-43EC-BA13-52C2029050BA}.Debug|x86.ActiveCfg = Debug|Any CPU
		{4656A226-EEE8-43EC-BA13-52C2029050BA}.Debug|x86.Build.0 = Debug|Any CPU
		{4656A226-EEE8-43EC-BA13-52C2029050BA}.Release|Any CPU.ActiveCfg = Release|Any CPU
		{4656A226-EEE8-43EC-BA13-52C2029050BA}.Release|Any CPU.Build.0 = Release|Any CPU
		{4656A226-EEE8-43EC-BA13-52C2029050BA}.Release|x64.ActiveCfg = Release|Any CPU
		{4656A226-EEE8-43EC-BA13-52C2029050BA}.Release|x64.Build.0 = Release|Any CPU
		{4656A226-EEE8-43EC-BA13-52C2029050BA}.Release|x86.ActiveCfg = Release|Any CPU
		{4656A226-EEE8-43EC-BA13-52C2029050BA}.Release|x86.Build.0 = Release|Any CPU
		{1A626F8E-D8B0-4807-ADB3-DAB3D1C95B2F}.Debug|Any CPU.ActiveCfg = Debug|Any CPU
		{1A626F8E-D8B0-4807-ADB3-DAB3D1C95B2F}.Debug|Any CPU.Build.0 = Debug|Any CPU
		{1A626F8E-D8B0-4807-ADB3-DAB3D1C95B2F}.Debug|x64.ActiveCfg = Debug|Any CPU
		{1A626F8E-D8B0-4807-ADB3-DAB3D1C95B2F}.Debug|x64.Build.0 = Debug|Any CPU
		{1A626F8E-D8B0-4807-ADB3-DAB3D1C95B2F}.Debug|x86.ActiveCfg = Debug|Any CPU
		{1A626F8E-D8B0-4807-ADB3-DAB3D1C95B2F}.Debug|x86.Build.0 = Debug|Any CPU
		{1A626F8E-D8B0-4807-ADB3-DAB3D1C95B2F}.Release|Any CPU.ActiveCfg = Release|Any CPU
		{1A626F8E-D8B0-4807-ADB3-DAB3D1C95B2F}.Release|Any CPU.Build.0 = Release|Any CPU
		{1A626F8E-D8B0-4807-ADB3-DAB3D1C95B2F}.Release|x64.ActiveCfg = Release|Any CPU
		{1A626F8E-D8B0-4807-ADB3-DAB3D1C95B2F}.Release|x64.Build.0 = Release|Any CPU
		{1A626F8E-D8B0-4807-ADB3-DAB3D1C95B2F}.Release|x86.ActiveCfg = Release|Any CPU
		{1A626F8E-D8B0-4807-ADB3-DAB3D1C95B2F}.Release|x86.Build.0 = Release|Any CPU
		{9BE78916-6D63-4A3B-80BC-3521008F2CA1}.Debug|Any CPU.ActiveCfg = Debug|Any CPU
		{9BE78916-6D63-4A3B-80BC-3521008F2CA1}.Debug|Any CPU.Build.0 = Debug|Any CPU
		{9BE78916-6D63-4A3B-80BC-3521008F2CA1}.Debug|x64.ActiveCfg = Debug|Any CPU
		{9BE78916-6D63-4A3B-80BC-3521008F2CA1}.Debug|x64.Build.0 = Debug|Any CPU
		{9BE78916-6D63-4A3B-80BC-3521008F2CA1}.Debug|x86.ActiveCfg = Debug|Any CPU
		{9BE78916-6D63-4A3B-80BC-3521008F2CA1}.Debug|x86.Build.0 = Debug|Any CPU
		{9BE78916-6D63-4A3B-80BC-3521008F2CA1}.Release|Any CPU.ActiveCfg = Release|Any CPU
		{9BE78916-6D63-4A3B-80BC-3521008F2CA1}.Release|Any CPU.Build.0 = Release|Any CPU
		{9BE78916-6D63-4A3B-80BC-3521008F2CA1}.Release|x64.ActiveCfg = Release|Any CPU
		{9BE78916-6D63-4A3B-80BC-3521008F2CA1}.Release|x64.Build.0 = Release|Any CPU
		{9BE78916-6D63-4A3B-80BC-3521008F2CA1}.Release|x86.ActiveCfg = Release|Any CPU
		{9BE78916-6D63-4A3B-80BC-3521008F2CA1}.Release|x86.Build.0 = Release|Any CPU
		{CDF44716-51E9-432C-A7B9-4B1617E17536}.Debug|Any CPU.ActiveCfg = Debug|Any CPU
		{CDF44716-51E9-432C-A7B9-4B1617E17536}.Debug|Any CPU.Build.0 = Debug|Any CPU
		{CDF44716-51E9-432C-A7B9-4B1617E17536}.Debug|x64.ActiveCfg = Debug|Any CPU
		{CDF44716-51E9-432C-A7B9-4B1617E17536}.Debug|x64.Build.0 = Debug|Any CPU
		{CDF44716-51E9-432C-A7B9-4B1617E17536}.Debug|x86.ActiveCfg = Debug|Any CPU
		{CDF44716-51E9-432C-A7B9-4B1617E17536}.Debug|x86.Build.0 = Debug|Any CPU
		{CDF44716-51E9-432C-A7B9-4B1617E17536}.Release|Any CPU.ActiveCfg = Release|Any CPU
		{CDF44716-51E9-432C-A7B9-4B1617E17536}.Release|Any CPU.Build.0 = Release|Any CPU
		{CDF44716-51E9-432C-A7B9-4B1617E17536}.Release|x64.ActiveCfg = Release|Any CPU
		{CDF44716-51E9-432C-A7B9-4B1617E17536}.Release|x64.Build.0 = Release|Any CPU
		{CDF44716-51E9-432C-A7B9-4B1617E17536}.Release|x86.ActiveCfg = Release|Any CPU
		{CDF44716-51E9-432C-A7B9-4B1617E17536}.Release|x86.Build.0 = Release|Any CPU
		{A2846DF6-E8F9-49F1-948C-07601B5B7809}.Debug|Any CPU.ActiveCfg = Debug|Any CPU
		{A2846DF6-E8F9-49F1-948C-07601B5B7809}.Debug|Any CPU.Build.0 = Debug|Any CPU
		{A2846DF6-E8F9-49F1-948C-07601B5B7809}.Debug|x64.ActiveCfg = Debug|Any CPU
		{A2846DF6-E8F9-49F1-948C-07601B5B7809}.Debug|x64.Build.0 = Debug|Any CPU
		{A2846DF6-E8F9-49F1-948C-07601B5B7809}.Debug|x86.ActiveCfg = Debug|Any CPU
		{A2846DF6-E8F9-49F1-948C-07601B5B7809}.Debug|x86.Build.0 = Debug|Any CPU
		{A2846DF6-E8F9-49F1-948C-07601B5B7809}.Release|Any CPU.ActiveCfg = Release|Any CPU
		{A2846DF6-E8F9-49F1-948C-07601B5B7809}.Release|Any CPU.Build.0 = Release|Any CPU
		{A2846DF6-E8F9-49F1-948C-07601B5B7809}.Release|x64.ActiveCfg = Release|Any CPU
		{A2846DF6-E8F9-49F1-948C-07601B5B7809}.Release|x64.Build.0 = Release|Any CPU
		{A2846DF6-E8F9-49F1-948C-07601B5B7809}.Release|x86.ActiveCfg = Release|Any CPU
		{A2846DF6-E8F9-49F1-948C-07601B5B7809}.Release|x86.Build.0 = Release|Any CPU
		{132740C8-42EA-40DF-B152-E395D63366C6}.Debug|Any CPU.ActiveCfg = Debug|Any CPU
		{132740C8-42EA-40DF-B152-E395D63366C6}.Debug|Any CPU.Build.0 = Debug|Any CPU
		{132740C8-42EA-40DF-B152-E395D63366C6}.Debug|x64.ActiveCfg = Debug|Any CPU
		{132740C8-42EA-40DF-B152-E395D63366C6}.Debug|x64.Build.0 = Debug|Any CPU
		{132740C8-42EA-40DF-B152-E395D63366C6}.Debug|x86.ActiveCfg = Debug|Any CPU
		{132740C8-42EA-40DF-B152-E395D63366C6}.Debug|x86.Build.0 = Debug|Any CPU
		{132740C8-42EA-40DF-B152-E395D63366C6}.Release|Any CPU.ActiveCfg = Release|Any CPU
		{132740C8-42EA-40DF-B152-E395D63366C6}.Release|Any CPU.Build.0 = Release|Any CPU
		{132740C8-42EA-40DF-B152-E395D63366C6}.Release|x64.ActiveCfg = Release|Any CPU
		{132740C8-42EA-40DF-B152-E395D63366C6}.Release|x64.Build.0 = Release|Any CPU
		{132740C8-42EA-40DF-B152-E395D63366C6}.Release|x86.ActiveCfg = Release|Any CPU
		{132740C8-42EA-40DF-B152-E395D63366C6}.Release|x86.Build.0 = Release|Any CPU
		{30B85746-DA60-4014-A966-2D8FC5626204}.Debug|Any CPU.ActiveCfg = Debug|Any CPU
		{30B85746-DA60-4014-A966-2D8FC5626204}.Debug|Any CPU.Build.0 = Debug|Any CPU
		{30B85746-DA60-4014-A966-2D8FC5626204}.Debug|x64.ActiveCfg = Debug|Any CPU
		{30B85746-DA60-4014-A966-2D8FC5626204}.Debug|x64.Build.0 = Debug|Any CPU
		{30B85746-DA60-4014-A966-2D8FC5626204}.Debug|x86.ActiveCfg = Debug|Any CPU
		{30B85746-DA60-4014-A966-2D8FC5626204}.Debug|x86.Build.0 = Debug|Any CPU
		{30B85746-DA60-4014-A966-2D8FC5626204}.Release|Any CPU.ActiveCfg = Release|Any CPU
		{30B85746-DA60-4014-A966-2D8FC5626204}.Release|Any CPU.Build.0 = Release|Any CPU
		{30B85746-DA60-4014-A966-2D8FC5626204}.Release|x64.ActiveCfg = Release|Any CPU
		{30B85746-DA60-4014-A966-2D8FC5626204}.Release|x64.Build.0 = Release|Any CPU
		{30B85746-DA60-4014-A966-2D8FC5626204}.Release|x86.ActiveCfg = Release|Any CPU
		{30B85746-DA60-4014-A966-2D8FC5626204}.Release|x86.Build.0 = Release|Any CPU
		{89A6520C-C5DC-4485-B6AA-42D3D49B113C}.Debug|Any CPU.ActiveCfg = Debug|Any CPU
		{89A6520C-C5DC-4485-B6AA-42D3D49B113C}.Debug|Any CPU.Build.0 = Debug|Any CPU
		{89A6520C-C5DC-4485-B6AA-42D3D49B113C}.Debug|x64.ActiveCfg = Debug|Any CPU
		{89A6520C-C5DC-4485-B6AA-42D3D49B113C}.Debug|x64.Build.0 = Debug|Any CPU
		{89A6520C-C5DC-4485-B6AA-42D3D49B113C}.Debug|x86.ActiveCfg = Debug|Any CPU
		{89A6520C-C5DC-4485-B6AA-42D3D49B113C}.Debug|x86.Build.0 = Debug|Any CPU
		{89A6520C-C5DC-4485-B6AA-42D3D49B113C}.Release|Any CPU.ActiveCfg = Release|Any CPU
		{89A6520C-C5DC-4485-B6AA-42D3D49B113C}.Release|Any CPU.Build.0 = Release|Any CPU
		{89A6520C-C5DC-4485-B6AA-42D3D49B113C}.Release|x64.ActiveCfg = Release|Any CPU
		{89A6520C-C5DC-4485-B6AA-42D3D49B113C}.Release|x64.Build.0 = Release|Any CPU
		{89A6520C-C5DC-4485-B6AA-42D3D49B113C}.Release|x86.ActiveCfg = Release|Any CPU
		{89A6520C-C5DC-4485-B6AA-42D3D49B113C}.Release|x86.Build.0 = Release|Any CPU
		{7317ACE1-02AE-4361-AA8B-2067ED928AFB}.Debug|Any CPU.ActiveCfg = Debug|Any CPU
		{7317ACE1-02AE-4361-AA8B-2067ED928AFB}.Debug|Any CPU.Build.0 = Debug|Any CPU
		{7317ACE1-02AE-4361-AA8B-2067ED928AFB}.Debug|x64.ActiveCfg = Debug|Any CPU
		{7317ACE1-02AE-4361-AA8B-2067ED928AFB}.Debug|x64.Build.0 = Debug|Any CPU
		{7317ACE1-02AE-4361-AA8B-2067ED928AFB}.Debug|x86.ActiveCfg = Debug|Any CPU
		{7317ACE1-02AE-4361-AA8B-2067ED928AFB}.Debug|x86.Build.0 = Debug|Any CPU
		{7317ACE1-02AE-4361-AA8B-2067ED928AFB}.Release|Any CPU.ActiveCfg = Release|Any CPU
		{7317ACE1-02AE-4361-AA8B-2067ED928AFB}.Release|Any CPU.Build.0 = Release|Any CPU
		{7317ACE1-02AE-4361-AA8B-2067ED928AFB}.Release|x64.ActiveCfg = Release|Any CPU
		{7317ACE1-02AE-4361-AA8B-2067ED928AFB}.Release|x64.Build.0 = Release|Any CPU
		{7317ACE1-02AE-4361-AA8B-2067ED928AFB}.Release|x86.ActiveCfg = Release|Any CPU
		{7317ACE1-02AE-4361-AA8B-2067ED928AFB}.Release|x86.Build.0 = Release|Any CPU
		{C21A2148-A7C6-4B05-8349-EDBC50F6C3BD}.Debug|Any CPU.ActiveCfg = Debug|Any CPU
		{C21A2148-A7C6-4B05-8349-EDBC50F6C3BD}.Debug|Any CPU.Build.0 = Debug|Any CPU
		{C21A2148-A7C6-4B05-8349-EDBC50F6C3BD}.Debug|x64.ActiveCfg = Debug|Any CPU
		{C21A2148-A7C6-4B05-8349-EDBC50F6C3BD}.Debug|x64.Build.0 = Debug|Any CPU
		{C21A2148-A7C6-4B05-8349-EDBC50F6C3BD}.Debug|x86.ActiveCfg = Debug|Any CPU
		{C21A2148-A7C6-4B05-8349-EDBC50F6C3BD}.Debug|x86.Build.0 = Debug|Any CPU
		{C21A2148-A7C6-4B05-8349-EDBC50F6C3BD}.Release|Any CPU.ActiveCfg = Release|Any CPU
		{C21A2148-A7C6-4B05-8349-EDBC50F6C3BD}.Release|Any CPU.Build.0 = Release|Any CPU
		{C21A2148-A7C6-4B05-8349-EDBC50F6C3BD}.Release|x64.ActiveCfg = Release|Any CPU
		{C21A2148-A7C6-4B05-8349-EDBC50F6C3BD}.Release|x64.Build.0 = Release|Any CPU
		{C21A2148-A7C6-4B05-8349-EDBC50F6C3BD}.Release|x86.ActiveCfg = Release|Any CPU
		{C21A2148-A7C6-4B05-8349-EDBC50F6C3BD}.Release|x86.Build.0 = Release|Any CPU
		{2E6BCA94-346E-4B30-8022-B9E9457E16AE}.Debug|Any CPU.ActiveCfg = Debug|Any CPU
		{2E6BCA94-346E-4B30-8022-B9E9457E16AE}.Debug|Any CPU.Build.0 = Debug|Any CPU
		{2E6BCA94-346E-4B30-8022-B9E9457E16AE}.Debug|x64.ActiveCfg = Debug|Any CPU
		{2E6BCA94-346E-4B30-8022-B9E9457E16AE}.Debug|x64.Build.0 = Debug|Any CPU
		{2E6BCA94-346E-4B30-8022-B9E9457E16AE}.Debug|x86.ActiveCfg = Debug|Any CPU
		{2E6BCA94-346E-4B30-8022-B9E9457E16AE}.Debug|x86.Build.0 = Debug|Any CPU
		{2E6BCA94-346E-4B30-8022-B9E9457E16AE}.Release|Any CPU.ActiveCfg = Release|Any CPU
		{2E6BCA94-346E-4B30-8022-B9E9457E16AE}.Release|Any CPU.Build.0 = Release|Any CPU
		{2E6BCA94-346E-4B30-8022-B9E9457E16AE}.Release|x64.ActiveCfg = Release|Any CPU
		{2E6BCA94-346E-4B30-8022-B9E9457E16AE}.Release|x64.Build.0 = Release|Any CPU
		{2E6BCA94-346E-4B30-8022-B9E9457E16AE}.Release|x86.ActiveCfg = Release|Any CPU
		{2E6BCA94-346E-4B30-8022-B9E9457E16AE}.Release|x86.Build.0 = Release|Any CPU
	EndGlobalSection
	GlobalSection(SolutionProperties) = preSolution
		HideSolutionNode = FALSE
	EndGlobalSection
	GlobalSection(NestedProjects) = preSolution
		{16313856-3065-40F4-AA6A-9EFED0E8D2AE} = {706055FA-AF57-484C-8336-AE3FFD486363}
		{437A5E66-B499-4095-A7AA-BB58E1C48749} = {706055FA-AF57-484C-8336-AE3FFD486363}
		{4AFB36C6-AE9A-4F9C-B2D0-D936C1E5C3FB} = {706055FA-AF57-484C-8336-AE3FFD486363}
		{3D1EE882-A315-4168-9ACE-AE8AF1E8779A} = {706055FA-AF57-484C-8336-AE3FFD486363}
		{14BDC8E9-F9EF-4079-9C79-42C2EA2ADBAE} = {706055FA-AF57-484C-8336-AE3FFD486363}
		{95FC2007-E98B-4037-BCBB-3DC40343B7FB} = {35022EC1-BE39-48BF-AAB4-D049779B555E}
		{950A8365-1FC1-4FC8-8D1B-69C4DC93B0FD} = {35022EC1-BE39-48BF-AAB4-D049779B555E}
		{AB38B672-A750-488E-A0D0-89743FE63FBD} = {35022EC1-BE39-48BF-AAB4-D049779B555E}
		{CE68BC44-86C9-4EB0-BD73-37C89C02C44E} = {35022EC1-BE39-48BF-AAB4-D049779B555E}
		{77CDF090-77E1-416F-9236-00C2A346C1A8} = {35022EC1-BE39-48BF-AAB4-D049779B555E}
		{C8B5E28D-56AD-4ED2-AC9E-505D4C946380} = {35022EC1-BE39-48BF-AAB4-D049779B555E}
		{79FC9FA4-F206-4FA4-9424-CBA2AD518E77} = {706055FA-AF57-484C-8336-AE3FFD486363}
		{6DDC1DDC-8B34-4E26-BD47-C9EC4A47294E} = {2FCECBAE-DBC6-465F-97F1-64988D698B28}
		{B98EF47F-D275-49B0-A95D-836B6582833E} = {2FCECBAE-DBC6-465F-97F1-64988D698B28}
		{DFE4B51A-3276-4BED-B011-BFF04EF961F7} = {35022EC1-BE39-48BF-AAB4-D049779B555E}
		{CDF0B7E4-A208-4E3B-BEB5-D47A86829D8E} = {706055FA-AF57-484C-8336-AE3FFD486363}
		{1A626F8E-D8B0-4807-ADB3-DAB3D1C95B2F} = {706055FA-AF57-484C-8336-AE3FFD486363}
		{9BE78916-6D63-4A3B-80BC-3521008F2CA1} = {706055FA-AF57-484C-8336-AE3FFD486363}
		{CDF44716-51E9-432C-A7B9-4B1617E17536} = {27138022-B29A-476B-85AD-B7ACC5571074}
		{A2846DF6-E8F9-49F1-948C-07601B5B7809} = {27138022-B29A-476B-85AD-B7ACC5571074}
		{132740C8-42EA-40DF-B152-E395D63366C6} = {27138022-B29A-476B-85AD-B7ACC5571074}
		{30B85746-DA60-4014-A966-2D8FC5626204} = {27138022-B29A-476B-85AD-B7ACC5571074}
		{89A6520C-C5DC-4485-B6AA-42D3D49B113C} = {27138022-B29A-476B-85AD-B7ACC5571074}
		{7317ACE1-02AE-4361-AA8B-2067ED928AFB} = {27138022-B29A-476B-85AD-B7ACC5571074}
		{C21A2148-A7C6-4B05-8349-EDBC50F6C3BD} = {27138022-B29A-476B-85AD-B7ACC5571074}
		{2E6BCA94-346E-4B30-8022-B9E9457E16AE} = {27138022-B29A-476B-85AD-B7ACC5571074}
	EndGlobalSection
	GlobalSection(ExtensibilityGlobals) = postSolution
		SolutionGuid = {A80B5332-7D4B-42F8-879D-DF294F2EB764}
	EndGlobalSection
EndGlobal
