Microsoft Visual Studio Solution File, Format Version 12.00
# Visual Studio 15
VisualStudioVersion = 15.0.27004.2010
MinimumVisualStudioVersion = 10.0.40219.1
Project("{9A19103F-16F7-4668-BE54-9A1E7A4F7556}") = "EventSourcingPoc.Domain", "EventSourcingPoc.Domain\EventSourcingPoc.Domain.csproj", "{0C605B54-D96B-4E45-909A-FECA2FD7BCF4}"
EndProject
Project("{9A19103F-16F7-4668-BE54-9A1E7A4F7556}") = "EventSourcingPoc.Validation", "EventSourcingPoc.Validation\EventSourcingPoc.Validation.csproj", "{C7F4EF32-3C8F-4479-996D-EC140B45A34F}"
EndProject
Project("{2150E333-8FDC-42A3-9474-1A3956D46DE8}") = "Solution Items", "Solution Items", "{CFFDB2A4-CD28-4252-8DF2-1AC78B345286}"
	ProjectSection(SolutionItems) = preProject
		..\.gitignore = ..\.gitignore
		..\LICENSE = ..\LICENSE
		..\README.md = ..\README.md
	EndProjectSection
EndProject
Project("{9A19103F-16F7-4668-BE54-9A1E7A4F7556}") = "EventSourcingPoc.EventSourcing", "EventSourcingPoc.EventSourcing\EventSourcingPoc.EventSourcing.csproj", "{F2E162CE-9A50-4455-942D-6F4884C3B793}"
EndProject
Project("{9A19103F-16F7-4668-BE54-9A1E7A4F7556}") = "EventSourcingPoc.Messages", "EventSourcingPoc.Messages\EventSourcingPoc.Messages.csproj", "{05F2D488-A260-463E-9FB6-CA7337417F94}"
EndProject
Project("{9A19103F-16F7-4668-BE54-9A1E7A4F7556}") = "EventSourcingPoc.Data", "EventSourcingPoc.Data\EventSourcingPoc.Data.csproj", "{993FB995-E3F5-4EA8-B163-7AA2E8D61487}"
EndProject
Project("{9A19103F-16F7-4668-BE54-9A1E7A4F7556}") = "EventSourcingPoc.EventProcessing", "EventSourcingPoc.EventProcessing\EventSourcingPoc.EventProcessing.csproj", "{929FD9C7-B51F-4CA2-BA33-15614CB69FCC}"
EndProject
Project("{9A19103F-16F7-4668-BE54-9A1E7A4F7556}") = "EventSourcingPoc.Application", "EventSourcingPoc.Application\EventSourcingPoc.Application.csproj", "{D64B8662-0723-4515-A35E-45F2231089F8}"
EndProject
Project("{9A19103F-16F7-4668-BE54-9A1E7A4F7556}") = "EventSourcingPoc.ConsoleUI", "EventSourcingPoc.ConsoleUI\EventSourcingPoc.ConsoleUI.csproj", "{D0595BC8-E522-4A31-9D28-A984319C3F9B}"
EndProject
Project("{FAE04EC0-301F-11D3-BF4B-00C04F79EFBC}") = "EventSourcingPoc.Readmodels", "EventSourcingPoc.Readmodels\EventSourcingPoc.Readmodels.csproj", "{A8652B5D-95B3-4EBD-984B-C46E1AB530C4}"
EndProject
Project("{FAE04EC0-301F-11D3-BF4B-00C04F79EFBC}") = "EventSourcingPoc.CommandProcessing", "EventSourcingPoc.CommandProcessing\EventSourcingPoc.CommandProcessing.csproj", "{1351630F-37D0-4A71-B6B7-6C0916CF1A83}"
EndProject
Global
	GlobalSection(SolutionConfigurationPlatforms) = preSolution
		Debug|Any CPU = Debug|Any CPU
		Debug|x64 = Debug|x64
		Debug|x86 = Debug|x86
		Release|Any CPU = Release|Any CPU
		Release|x64 = Release|x64
		Release|x86 = Release|x86
	EndGlobalSection
	GlobalSection(ProjectConfigurationPlatforms) = postSolution
		{0C605B54-D96B-4E45-909A-FECA2FD7BCF4}.Debug|Any CPU.ActiveCfg = Debug|Any CPU
		{0C605B54-D96B-4E45-909A-FECA2FD7BCF4}.Debug|Any CPU.Build.0 = Debug|Any CPU
		{0C605B54-D96B-4E45-909A-FECA2FD7BCF4}.Debug|x64.ActiveCfg = Debug|Any CPU
		{0C605B54-D96B-4E45-909A-FECA2FD7BCF4}.Debug|x64.Build.0 = Debug|Any CPU
		{0C605B54-D96B-4E45-909A-FECA2FD7BCF4}.Debug|x86.ActiveCfg = Debug|Any CPU
		{0C605B54-D96B-4E45-909A-FECA2FD7BCF4}.Debug|x86.Build.0 = Debug|Any CPU
		{0C605B54-D96B-4E45-909A-FECA2FD7BCF4}.Release|Any CPU.ActiveCfg = Release|Any CPU
		{0C605B54-D96B-4E45-909A-FECA2FD7BCF4}.Release|Any CPU.Build.0 = Release|Any CPU
		{0C605B54-D96B-4E45-909A-FECA2FD7BCF4}.Release|x64.ActiveCfg = Release|Any CPU
		{0C605B54-D96B-4E45-909A-FECA2FD7BCF4}.Release|x64.Build.0 = Release|Any CPU
		{0C605B54-D96B-4E45-909A-FECA2FD7BCF4}.Release|x86.ActiveCfg = Release|Any CPU
		{0C605B54-D96B-4E45-909A-FECA2FD7BCF4}.Release|x86.Build.0 = Release|Any CPU
		{C7F4EF32-3C8F-4479-996D-EC140B45A34F}.Debug|Any CPU.ActiveCfg = Debug|Any CPU
		{C7F4EF32-3C8F-4479-996D-EC140B45A34F}.Debug|Any CPU.Build.0 = Debug|Any CPU
		{C7F4EF32-3C8F-4479-996D-EC140B45A34F}.Debug|x64.ActiveCfg = Debug|Any CPU
		{C7F4EF32-3C8F-4479-996D-EC140B45A34F}.Debug|x64.Build.0 = Debug|Any CPU
		{C7F4EF32-3C8F-4479-996D-EC140B45A34F}.Debug|x86.ActiveCfg = Debug|Any CPU
		{C7F4EF32-3C8F-4479-996D-EC140B45A34F}.Debug|x86.Build.0 = Debug|Any CPU
		{C7F4EF32-3C8F-4479-996D-EC140B45A34F}.Release|Any CPU.ActiveCfg = Release|Any CPU
		{C7F4EF32-3C8F-4479-996D-EC140B45A34F}.Release|Any CPU.Build.0 = Release|Any CPU
		{C7F4EF32-3C8F-4479-996D-EC140B45A34F}.Release|x64.ActiveCfg = Release|Any CPU
		{C7F4EF32-3C8F-4479-996D-EC140B45A34F}.Release|x64.Build.0 = Release|Any CPU
		{C7F4EF32-3C8F-4479-996D-EC140B45A34F}.Release|x86.ActiveCfg = Release|Any CPU
		{C7F4EF32-3C8F-4479-996D-EC140B45A34F}.Release|x86.Build.0 = Release|Any CPU
		{F2E162CE-9A50-4455-942D-6F4884C3B793}.Debug|Any CPU.ActiveCfg = Debug|Any CPU
		{F2E162CE-9A50-4455-942D-6F4884C3B793}.Debug|Any CPU.Build.0 = Debug|Any CPU
		{F2E162CE-9A50-4455-942D-6F4884C3B793}.Debug|x64.ActiveCfg = Debug|Any CPU
		{F2E162CE-9A50-4455-942D-6F4884C3B793}.Debug|x64.Build.0 = Debug|Any CPU
		{F2E162CE-9A50-4455-942D-6F4884C3B793}.Debug|x86.ActiveCfg = Debug|Any CPU
		{F2E162CE-9A50-4455-942D-6F4884C3B793}.Debug|x86.Build.0 = Debug|Any CPU
		{F2E162CE-9A50-4455-942D-6F4884C3B793}.Release|Any CPU.ActiveCfg = Release|Any CPU
		{F2E162CE-9A50-4455-942D-6F4884C3B793}.Release|Any CPU.Build.0 = Release|Any CPU
		{F2E162CE-9A50-4455-942D-6F4884C3B793}.Release|x64.ActiveCfg = Release|Any CPU
		{F2E162CE-9A50-4455-942D-6F4884C3B793}.Release|x64.Build.0 = Release|Any CPU
		{F2E162CE-9A50-4455-942D-6F4884C3B793}.Release|x86.ActiveCfg = Release|Any CPU
		{F2E162CE-9A50-4455-942D-6F4884C3B793}.Release|x86.Build.0 = Release|Any CPU
		{05F2D488-A260-463E-9FB6-CA7337417F94}.Debug|Any CPU.ActiveCfg = Debug|Any CPU
		{05F2D488-A260-463E-9FB6-CA7337417F94}.Debug|Any CPU.Build.0 = Debug|Any CPU
		{05F2D488-A260-463E-9FB6-CA7337417F94}.Debug|x64.ActiveCfg = Debug|Any CPU
		{05F2D488-A260-463E-9FB6-CA7337417F94}.Debug|x64.Build.0 = Debug|Any CPU
		{05F2D488-A260-463E-9FB6-CA7337417F94}.Debug|x86.ActiveCfg = Debug|Any CPU
		{05F2D488-A260-463E-9FB6-CA7337417F94}.Debug|x86.Build.0 = Debug|Any CPU
		{05F2D488-A260-463E-9FB6-CA7337417F94}.Release|Any CPU.ActiveCfg = Release|Any CPU
		{05F2D488-A260-463E-9FB6-CA7337417F94}.Release|Any CPU.Build.0 = Release|Any CPU
		{05F2D488-A260-463E-9FB6-CA7337417F94}.Release|x64.ActiveCfg = Release|Any CPU
		{05F2D488-A260-463E-9FB6-CA7337417F94}.Release|x64.Build.0 = Release|Any CPU
		{05F2D488-A260-463E-9FB6-CA7337417F94}.Release|x86.ActiveCfg = Release|Any CPU
		{05F2D488-A260-463E-9FB6-CA7337417F94}.Release|x86.Build.0 = Release|Any CPU
		{993FB995-E3F5-4EA8-B163-7AA2E8D61487}.Debug|Any CPU.ActiveCfg = Debug|Any CPU
		{993FB995-E3F5-4EA8-B163-7AA2E8D61487}.Debug|Any CPU.Build.0 = Debug|Any CPU
		{993FB995-E3F5-4EA8-B163-7AA2E8D61487}.Debug|x64.ActiveCfg = Debug|Any CPU
		{993FB995-E3F5-4EA8-B163-7AA2E8D61487}.Debug|x64.Build.0 = Debug|Any CPU
		{993FB995-E3F5-4EA8-B163-7AA2E8D61487}.Debug|x86.ActiveCfg = Debug|Any CPU
		{993FB995-E3F5-4EA8-B163-7AA2E8D61487}.Debug|x86.Build.0 = Debug|Any CPU
		{993FB995-E3F5-4EA8-B163-7AA2E8D61487}.Release|Any CPU.ActiveCfg = Release|Any CPU
		{993FB995-E3F5-4EA8-B163-7AA2E8D61487}.Release|Any CPU.Build.0 = Release|Any CPU
		{993FB995-E3F5-4EA8-B163-7AA2E8D61487}.Release|x64.ActiveCfg = Release|Any CPU
		{993FB995-E3F5-4EA8-B163-7AA2E8D61487}.Release|x64.Build.0 = Release|Any CPU
		{993FB995-E3F5-4EA8-B163-7AA2E8D61487}.Release|x86.ActiveCfg = Release|Any CPU
		{993FB995-E3F5-4EA8-B163-7AA2E8D61487}.Release|x86.Build.0 = Release|Any CPU
		{929FD9C7-B51F-4CA2-BA33-15614CB69FCC}.Debug|Any CPU.ActiveCfg = Debug|Any CPU
		{929FD9C7-B51F-4CA2-BA33-15614CB69FCC}.Debug|Any CPU.Build.0 = Debug|Any CPU
		{929FD9C7-B51F-4CA2-BA33-15614CB69FCC}.Debug|x64.ActiveCfg = Debug|Any CPU
		{929FD9C7-B51F-4CA2-BA33-15614CB69FCC}.Debug|x64.Build.0 = Debug|Any CPU
		{929FD9C7-B51F-4CA2-BA33-15614CB69FCC}.Debug|x86.ActiveCfg = Debug|Any CPU
		{929FD9C7-B51F-4CA2-BA33-15614CB69FCC}.Debug|x86.Build.0 = Debug|Any CPU
		{929FD9C7-B51F-4CA2-BA33-15614CB69FCC}.Release|Any CPU.ActiveCfg = Release|Any CPU
		{929FD9C7-B51F-4CA2-BA33-15614CB69FCC}.Release|Any CPU.Build.0 = Release|Any CPU
		{929FD9C7-B51F-4CA2-BA33-15614CB69FCC}.Release|x64.ActiveCfg = Release|Any CPU
		{929FD9C7-B51F-4CA2-BA33-15614CB69FCC}.Release|x64.Build.0 = Release|Any CPU
		{929FD9C7-B51F-4CA2-BA33-15614CB69FCC}.Release|x86.ActiveCfg = Release|Any CPU
		{929FD9C7-B51F-4CA2-BA33-15614CB69FCC}.Release|x86.Build.0 = Release|Any CPU
		{D64B8662-0723-4515-A35E-45F2231089F8}.Debug|Any CPU.ActiveCfg = Debug|Any CPU
		{D64B8662-0723-4515-A35E-45F2231089F8}.Debug|Any CPU.Build.0 = Debug|Any CPU
		{D64B8662-0723-4515-A35E-45F2231089F8}.Debug|x64.ActiveCfg = Debug|Any CPU
		{D64B8662-0723-4515-A35E-45F2231089F8}.Debug|x64.Build.0 = Debug|Any CPU
		{D64B8662-0723-4515-A35E-45F2231089F8}.Debug|x86.ActiveCfg = Debug|Any CPU
		{D64B8662-0723-4515-A35E-45F2231089F8}.Debug|x86.Build.0 = Debug|Any CPU
		{D64B8662-0723-4515-A35E-45F2231089F8}.Release|Any CPU.ActiveCfg = Release|Any CPU
		{D64B8662-0723-4515-A35E-45F2231089F8}.Release|Any CPU.Build.0 = Release|Any CPU
		{D64B8662-0723-4515-A35E-45F2231089F8}.Release|x64.ActiveCfg = Release|Any CPU
		{D64B8662-0723-4515-A35E-45F2231089F8}.Release|x64.Build.0 = Release|Any CPU
		{D64B8662-0723-4515-A35E-45F2231089F8}.Release|x86.ActiveCfg = Release|Any CPU
		{D64B8662-0723-4515-A35E-45F2231089F8}.Release|x86.Build.0 = Release|Any CPU
		{D0595BC8-E522-4A31-9D28-A984319C3F9B}.Debug|Any CPU.ActiveCfg = Debug|Any CPU
		{D0595BC8-E522-4A31-9D28-A984319C3F9B}.Debug|Any CPU.Build.0 = Debug|Any CPU
		{D0595BC8-E522-4A31-9D28-A984319C3F9B}.Debug|x64.ActiveCfg = Debug|Any CPU
		{D0595BC8-E522-4A31-9D28-A984319C3F9B}.Debug|x64.Build.0 = Debug|Any CPU
		{D0595BC8-E522-4A31-9D28-A984319C3F9B}.Debug|x86.ActiveCfg = Debug|Any CPU
		{D0595BC8-E522-4A31-9D28-A984319C3F9B}.Debug|x86.Build.0 = Debug|Any CPU
		{D0595BC8-E522-4A31-9D28-A984319C3F9B}.Release|Any CPU.ActiveCfg = Release|Any CPU
		{D0595BC8-E522-4A31-9D28-A984319C3F9B}.Release|Any CPU.Build.0 = Release|Any CPU
		{D0595BC8-E522-4A31-9D28-A984319C3F9B}.Release|x64.ActiveCfg = Release|Any CPU
		{D0595BC8-E522-4A31-9D28-A984319C3F9B}.Release|x64.Build.0 = Release|Any CPU
		{D0595BC8-E522-4A31-9D28-A984319C3F9B}.Release|x86.ActiveCfg = Release|Any CPU
		{D0595BC8-E522-4A31-9D28-A984319C3F9B}.Release|x86.Build.0 = Release|Any CPU
		{A8652B5D-95B3-4EBD-984B-C46E1AB530C4}.Debug|Any CPU.ActiveCfg = Debug|Any CPU
		{A8652B5D-95B3-4EBD-984B-C46E1AB530C4}.Debug|Any CPU.Build.0 = Debug|Any CPU
		{A8652B5D-95B3-4EBD-984B-C46E1AB530C4}.Debug|x64.ActiveCfg = Debug|Any CPU
		{A8652B5D-95B3-4EBD-984B-C46E1AB530C4}.Debug|x64.Build.0 = Debug|Any CPU
		{A8652B5D-95B3-4EBD-984B-C46E1AB530C4}.Debug|x86.ActiveCfg = Debug|Any CPU
		{A8652B5D-95B3-4EBD-984B-C46E1AB530C4}.Debug|x86.Build.0 = Debug|Any CPU
		{A8652B5D-95B3-4EBD-984B-C46E1AB530C4}.Release|Any CPU.ActiveCfg = Release|Any CPU
		{A8652B5D-95B3-4EBD-984B-C46E1AB530C4}.Release|Any CPU.Build.0 = Release|Any CPU
		{A8652B5D-95B3-4EBD-984B-C46E1AB530C4}.Release|x64.ActiveCfg = Release|Any CPU
		{A8652B5D-95B3-4EBD-984B-C46E1AB530C4}.Release|x64.Build.0 = Release|Any CPU
		{A8652B5D-95B3-4EBD-984B-C46E1AB530C4}.Release|x86.ActiveCfg = Release|Any CPU
		{A8652B5D-95B3-4EBD-984B-C46E1AB530C4}.Release|x86.Build.0 = Release|Any CPU
		{1351630F-37D0-4A71-B6B7-6C0916CF1A83}.Debug|Any CPU.ActiveCfg = Debug|Any CPU
		{1351630F-37D0-4A71-B6B7-6C0916CF1A83}.Debug|Any CPU.Build.0 = Debug|Any CPU
		{1351630F-37D0-4A71-B6B7-6C0916CF1A83}.Debug|x64.ActiveCfg = Debug|Any CPU
		{1351630F-37D0-4A71-B6B7-6C0916CF1A83}.Debug|x64.Build.0 = Debug|Any CPU
		{1351630F-37D0-4A71-B6B7-6C0916CF1A83}.Debug|x86.ActiveCfg = Debug|Any CPU
		{1351630F-37D0-4A71-B6B7-6C0916CF1A83}.Debug|x86.Build.0 = Debug|Any CPU
		{1351630F-37D0-4A71-B6B7-6C0916CF1A83}.Release|Any CPU.ActiveCfg = Release|Any CPU
		{1351630F-37D0-4A71-B6B7-6C0916CF1A83}.Release|Any CPU.Build.0 = Release|Any CPU
		{1351630F-37D0-4A71-B6B7-6C0916CF1A83}.Release|x64.ActiveCfg = Release|Any CPU
		{1351630F-37D0-4A71-B6B7-6C0916CF1A83}.Release|x64.Build.0 = Release|Any CPU
		{1351630F-37D0-4A71-B6B7-6C0916CF1A83}.Release|x86.ActiveCfg = Release|Any CPU
		{1351630F-37D0-4A71-B6B7-6C0916CF1A83}.Release|x86.Build.0 = Release|Any CPU
	EndGlobalSection
	GlobalSection(SolutionProperties) = preSolution
		HideSolutionNode = FALSE
	EndGlobalSection
	GlobalSection(ExtensibilityGlobals) = postSolution
		SolutionGuid = {A80B5332-7D4B-42F8-879D-DF294F2EB764}
	EndGlobalSection
EndGlobal
